
Microsoft Visual Studio Solution File, Format Version 12.00
# Visual Studio Version 17
VisualStudioVersion = 17.13.35919.96 d17.13
MinimumVisualStudioVersion = 10.0.40219.1
Project("{FAE04EC0-301F-11D3-BF4B-00C04F79EFBC}") = "Projeto Dois CRUD", "Projeto Dois CRUD\Projeto Dois CRUD.csproj", "{05D11AAA-45B1-4B04-B97A-8D22A3316005}"
EndProject
Global
	GlobalSection(SolutionConfigurationPlatforms) = preSolution
		Debug|Any CPU = Debug|Any CPU
		Release|Any CPU = Release|Any CPU
	EndGlobalSection
	GlobalSection(ProjectConfigurationPlatforms) = postSolution
		{05D11AAA-45B1-4B04-B97A-8D22A3316005}.Debug|Any CPU.ActiveCfg = Debug|Any CPU
		{05D11AAA-45B1-4B04-B97A-8D22A3316005}.Debug|Any CPU.Build.0 = Debug|Any CPU
		{05D11AAA-45B1-4B04-B97A-8D22A3316005}.Release|Any CPU.ActiveCfg = Release|Any CPU
		{05D11AAA-45B1-4B04-B97A-8D22A3316005}.Release|Any CPU.Build.0 = Release|Any CPU
	EndGlobalSection
	GlobalSection(SolutionProperties) = preSolution
		HideSolutionNode = FALSE
	EndGlobalSection
	GlobalSection(ExtensibilityGlobals) = postSolution
		SolutionGuid = {C3A4BC66-B74F-4A5B-AC4A-3FC163CAE3B0}
	EndGlobalSection
EndGlobal
